<?xml version="1.0" encoding="utf-8"?>
<Project ToolsVersion="4.0" xmlns="http://schemas.microsoft.com/developer/msbuild/2003">
  <ItemGroup>
    <Filter Include="Source Files">
      <UniqueIdentifier>{591752cc-e240-4b52-98aa-0e09e3553e8a}</UniqueIdentifier>
      <Extensions>cpp;c;cxx;rc;def;r;odl;idl;hpj;bat</Extensions>
    </Filter>
    <Filter Include="Header Files">
      <UniqueIdentifier>{47d693f4-905a-46ba-9caf-654fa2da31db}</UniqueIdentifier>
      <Extensions>h;hpp;hxx;hm;inl</Extensions>
    </Filter>
  </ItemGroup>
  <ItemGroup>
    <ClCompile Include="a_visualc.c">
      <Filter>Source Files</Filter>
    </ClCompile>
    <ClCompile Include="cache1d.c">
      <Filter>Source Files</Filter>
    </ClCompile>
    <ClCompile Include="engine.c">
      <Filter>Source Files</Filter>
    </ClCompile>
    <ClCompile Include="mmulti.c">
      <Filter>Source Files</Filter>
    </ClCompile>
    <ClCompile Include="pragmas.c">
      <Filter>Source Files</Filter>
    </ClCompile>
    <ClCompile Include="sdl_driver.c">
      <Filter>Source Files</Filter>
    </ClCompile>
  </ItemGroup>
  <ItemGroup>
    <ClInclude Include="a.h">
      <Filter>Header Files</Filter>
    </ClInclude>
    <ClInclude Include="bstub.h">
      <Filter>Header Files</Filter>
    </ClInclude>
    <ClInclude Include="build.h">
      <Filter>Header Files</Filter>
    </ClInclude>
    <ClInclude Include="buildgl.h">
      <Filter>Header Files</Filter>
    </ClInclude>
    <ClInclude Include="buildperl.h">
      <Filter>Header Files</Filter>
    </ClInclude>
    <ClInclude Include="cache1d.h">
      <Filter>Header Files</Filter>
    </ClInclude>
    <ClInclude Include="display.h">
      <Filter>Header Files</Filter>
    </ClInclude>
    <ClInclude Include="doscmpat.h">
      <Filter>Header Files</Filter>
    </ClInclude>
    <ClInclude Include="engine.h">
      <Filter>Header Files</Filter>
    </ClInclude>
    <ClInclude Include="names.h">
      <Filter>Header Files</Filter>
    </ClInclude>
    <ClInclude Include="platform.h">
      <Filter>Header Files</Filter>
    </ClInclude>
    <ClInclude Include="pragmas.h">
      <Filter>Header Files</Filter>
    </ClInclude>
    <ClInclude Include="ves2.h">
      <Filter>Header Files</Filter>
    </ClInclude>
    <ClInclude Include="win32_compat.h">
      <Filter>Header Files</Filter>
    </ClInclude>
  </ItemGroup>
</Project>