
Microsoft Visual Studio Solution File, Format Version 12.00
# Visual Studio Version 17
VisualStudioVersion = 17.3.32922.545
MinimumVisualStudioVersion = 10.0.40219.1
Project("{8BC9CEB8-8B4A-11D0-8D11-00A0C91BC942}") = "Engine", "Engine.vcxproj", "{2960B59D-CA80-4C18-A4DD-038C38A4113B}"
EndProject
Global
	GlobalSection(SolutionConfigurationPlatforms) = preSolution
		Debug|x86 = Debug|x86
		Release|x86 = Release|x86
	EndGlobalSection
	GlobalSection(ProjectConfigurationPlatforms) = postSolution
		{2960B59D-CA80-4C18-A4DD-038C38A4113B}.Debug|x86.ActiveCfg = Debug|Win32
		{2960B59D-CA80-4C18-A4DD-038C38A4113B}.Debug|x86.Build.0 = Debug|Win32
		{2960B59D-CA80-4C18-A4DD-038C38A4113B}.Release|x86.ActiveCfg = Release|Win32
		{2960B59D-CA80-4C18-A4DD-038C38A4113B}.Release|x86.Build.0 = Release|Win32
	EndGlobalSection
	GlobalSection(SolutionProperties) = preSolution
		HideSolutionNode = FALSE
	EndGlobalSection
	GlobalSection(ExtensibilityGlobals) = postSolution
		SolutionGuid = {EB83D3DC-C4F4-453B-ABF8-A54FDFA19B2A}
	EndGlobalSection
EndGlobal
